<?xml version="1.0" encoding="utf-8"?>
<Project ToolsVersion="4.0" xmlns="http://schemas.microsoft.com/developer/msbuild/2003">
  <ItemGroup>
    <Filter Include="utility">
      <UniqueIdentifier>{d81b0527-ad1e-4d17-8039-1dc2cb8452c5}</UniqueIdentifier>
    </Filter>
    <Filter Include="managers">
      <UniqueIdentifier>{d6743d7c-ff52-4a27-aa99-75016ca3c6a8}</UniqueIdentifier>
    </Filter>
    <Filter Include="geometry">
      <UniqueIdentifier>{832d6b43-602f-49e3-878b-8a28a504ac5b}</UniqueIdentifier>
    </Filter>
    <Filter Include="material">
      <UniqueIdentifier>{c3cd56d9-c499-4e07-bfd6-20c993318aac}</UniqueIdentifier>
    </Filter>
    <Filter Include="accel">
      <UniqueIdentifier>{db2d66bb-e49f-43f6-8a35-cf4c1f47cd50}</UniqueIdentifier>
    </Filter>
    <Filter Include="configuation">
      <UniqueIdentifier>{c9e0f375-efb3-46f6-ae4f-02c0de36d11f}</UniqueIdentifier>
    </Filter>
    <Filter Include="result">
      <UniqueIdentifier>{4cf27e66-a66b-4c7e-871f-80617015760b}</UniqueIdentifier>
    </Filter>
    <Filter Include="parallel">
      <UniqueIdentifier>{4661292f-0c5f-427b-b8e0-29f90a476dbe}</UniqueIdentifier>
    </Filter>
    <Filter Include="accel\gpu">
      <UniqueIdentifier>{9b2d88ae-fcfe-4a1e-94d1-822aa9bd3797}</UniqueIdentifier>
    </Filter>
    <Filter Include="geometry\gpu">
      <UniqueIdentifier>{04db47b2-ac32-4caa-8235-6e7c8dd75450}</UniqueIdentifier>
    </Filter>
    <Filter Include="geometry\object2d">
      <UniqueIdentifier>{c5d8c45e-c562-4bdc-8a57-e962f5b4a184}</UniqueIdentifier>
    </Filter>
    <Filter Include="math">
      <UniqueIdentifier>{bfae0a0e-bdef-4e87-ad57-5935e7a4eb73}</UniqueIdentifier>
    </Filter>
    <Filter Include="configuation\library">
      <UniqueIdentifier>{dc711cc1-ae16-41b8-95e7-afb90581397f}</UniqueIdentifier>
    </Filter>
    <Filter Include="geometry\terrain">
      <UniqueIdentifier>{04927f7d-fc11-4184-951f-818fde93d3e3}</UniqueIdentifier>
    </Filter>
    <Filter Include="resources">
      <UniqueIdentifier>{d7469703-7451-4f4e-957b-b4976f49cb06}</UniqueIdentifier>
    </Filter>
    <Filter Include="equipment">
      <UniqueIdentifier>{28ba53dd-5dcf-4c27-a114-62418b4edac5}</UniqueIdentifier>
    </Filter>
    <Filter Include="configuation\transmitter">
      <UniqueIdentifier>{393ed96a-9a59-4395-bcf8-4e899ab6be13}</UniqueIdentifier>
    </Filter>
    <Filter Include="configuation\receiver">
      <UniqueIdentifier>{a499aa01-b04f-49df-a798-55083e808229}</UniqueIdentifier>
    </Filter>
    <Filter Include="data">
      <UniqueIdentifier>{32e9fc07-3d3a-4ef3-bc31-5ef4979d3739}</UniqueIdentifier>
    </Filter>
    <Filter Include="algorithm">
      <UniqueIdentifier>{424f19eb-89be-4c93-90d6-351c412ad078}</UniqueIdentifier>
    </Filter>
    <Filter Include="algorithm\optimizationtoolkit">
      <UniqueIdentifier>{72e5fded-d8d0-4155-8c5f-ab1e0278adc5}</UniqueIdentifier>
    </Filter>
    <Filter Include="algorithm\optimizationtoolkit\ga">
      <UniqueIdentifier>{3b50df46-b70f-44ea-9cae-0740200e6650}</UniqueIdentifier>
    </Filter>
    <Filter Include="algorithm\optimizationtoolkit\pso">
      <UniqueIdentifier>{53954861-58b7-4ac1-9be2-d98e98202c18}</UniqueIdentifier>
    </Filter>
    <Filter Include="configuation\sensor">
      <UniqueIdentifier>{a75e40fb-54c2-4b07-bd32-2ed2b5ad0859}</UniqueIdentifier>
    </Filter>
    <Filter Include="localization">
      <UniqueIdentifier>{6c50c3c9-10b1-437f-b6ac-77954d6119d9}</UniqueIdentifier>
    </Filter>
    <Filter Include="localization\aoa">
      <UniqueIdentifier>{26c9a4a7-6e4c-42f1-b3c1-04dee4300bd8}</UniqueIdentifier>
    </Filter>
    <Filter Include="algorithm\decisiontoolkit">
      <UniqueIdentifier>{a4fedb54-6a44-47e8-ad35-b26d5e2ac882}</UniqueIdentifier>
    </Filter>
    <Filter Include="localization\tdoa">
      <UniqueIdentifier>{10620015-0b1a-4b4c-835f-e9a31b8c1d5d}</UniqueIdentifier>
    </Filter>
    <Filter Include="test">
      <UniqueIdentifier>{4122a225-4a87-44d3-904a-681d0727fde9}</UniqueIdentifier>
    </Filter>
    <Filter Include="general">
      <UniqueIdentifier>{2ae4c8d5-751c-4bc3-a5fe-c0784741309b}</UniqueIdentifier>
    </Filter>
    <Filter Include="equipment\antenna">
      <UniqueIdentifier>{1da0597e-5509-4ad4-baee-37a29e2d93dd}</UniqueIdentifier>
    </Filter>
    <Filter Include="equipment\transceiver">
      <UniqueIdentifier>{2249abbe-575d-4eca-af30-f91782c4da04}</UniqueIdentifier>
    </Filter>
    <Filter Include="equipment\sensor">
      <UniqueIdentifier>{449fd8c4-a07b-4734-b37b-545cb30f713e}</UniqueIdentifier>
    </Filter>
    <Filter Include="scene">
      <UniqueIdentifier>{11cbb391-79c1-4ee3-ad48-2b90562e4fa3}</UniqueIdentifier>
    </Filter>
    <Filter Include="configuation\localization">
      <UniqueIdentifier>{11997d21-6569-4c52-9fbe-a4304eb31e6e}</UniqueIdentifier>
    </Filter>
    <Filter Include="radiowave">
      <UniqueIdentifier>{ac90146f-a4f6-42d8-9922-fc556c3b8351}</UniqueIdentifier>
    </Filter>
    <Filter Include="radiowave\propagation">
      <UniqueIdentifier>{4e61e23e-8595-46e0-9fec-d6d78682596b}</UniqueIdentifier>
    </Filter>
    <Filter Include="radiowave\raypath">
      <UniqueIdentifier>{007bfc47-785c-41cc-95dd-65fa52c18e90}</UniqueIdentifier>
    </Filter>
    <Filter Include="radiowave\propagation\gpu">
      <UniqueIdentifier>{1e066da1-f0fd-482d-b6a4-a2cafaa6e11c}</UniqueIdentifier>
    </Filter>
    <Filter Include="efield">
      <UniqueIdentifier>{df46c2a5-1827-4cba-ba4c-17166a0059ab}</UniqueIdentifier>
    </Filter>
    <Filter Include="configuation\radiowave">
      <UniqueIdentifier>{6dc3c93f-3601-40d2-b3b0-1f26fb89d4fb}</UniqueIdentifier>
    </Filter>
    <Filter Include="configuation\radiowave\propagation">
      <UniqueIdentifier>{4d1b6ebb-7a4d-4fd1-9964-aa41981eef71}</UniqueIdentifier>
    </Filter>
    <Filter Include="core">
      <UniqueIdentifier>{4a003f86-0593-4d75-b042-81be2a044890}</UniqueIdentifier>
    </Filter>
    <Filter Include="core\raypathrectifier">
      <UniqueIdentifier>{b83681a4-a78b-482d-9efd-1a0e226ea7d0}</UniqueIdentifier>
    </Filter>
    <Filter Include="core\render">
      <UniqueIdentifier>{351c07d2-f7ae-49e3-8bc9-7cec095dfc11}</UniqueIdentifier>
    </Filter>
    <Filter Include="core\render\pathtracing">
      <UniqueIdentifier>{cd6b3396-c1e8-4e37-ac3e-bff8519356ce}</UniqueIdentifier>
    </Filter>
    <Filter Include="core\render\pathtracing\gpu">
      <UniqueIdentifier>{5ccf3194-d435-4fbf-94c5-c24b4c2fd59e}</UniqueIdentifier>
    </Filter>
    <Filter Include="radiowave\propagation\gpu\gpu">
      <UniqueIdentifier>{e2d23b34-13bc-4611-bec9-663813a06607}</UniqueIdentifier>
    </Filter>
    <Filter Include="localization\gpu">
      <UniqueIdentifier>{026dc1cc-99f9-4e88-a286-6ed1abb2f4da}</UniqueIdentifier>
    </Filter>
    <Filter Include="localization\aoa_tdoa">
      <UniqueIdentifier>{1e6fcfed-653b-43d8-ade5-b916493699af}</UniqueIdentifier>
    </Filter>
    <Filter Include="localization\aoa_toa">
      <UniqueIdentifier>{c15bf4e8-312c-42bf-92a5-667cff8bf18c}</UniqueIdentifier>
    </Filter>
    <Filter Include="localization\toa">
      <UniqueIdentifier>{82704006-7ae8-467a-a668-f1f28ec83011}</UniqueIdentifier>
    </Filter>
  </ItemGroup>
  <ItemGroup>
    <ClInclude Include="src\rtlbs.h" />
    <ClInclude Include="src\geometry\primitive2d.h">
      <Filter>geometry</Filter>
    </ClInclude>
    <ClInclude Include="src\geometry\segment2d.h">
      <Filter>geometry</Filter>
    </ClInclude>
    <ClInclude Include="src\utility\singleton.h">
      <Filter>utility</Filter>
    </ClInclude>
    <ClInclude Include="src\managers\logmanager.h">
      <Filter>managers</Filter>
    </ClInclude>
    <ClInclude Include="src\material\material.h">
      <Filter>material</Filter>
    </ClInclude>
    <ClInclude Include="src\utility\enum.h">
      <Filter>utility</Filter>
    </ClInclude>
    <ClInclude Include="src\geometry\Intersection2D.h">
      <Filter>geometry</Filter>
    </ClInclude>
    <ClInclude Include="src\managers\matmanager.h">
      <Filter>managers</Filter>
    </ClInclude>
    <ClInclude Include="src\accel\accelerator.h">
      <Filter>accel</Filter>
    </ClInclude>
    <ClInclude Include="src\accel\bvh.h">
      <Filter>accel</Filter>
    </ClInclude>
    <ClInclude Include="src\accel\kdtree.h">
      <Filter>accel</Filter>
    </ClInclude>
    <ClInclude Include="src\accel\unigrid.h">
      <Filter>accel</Filter>
    </ClInclude>
    <ClInclude Include="src\configuration\localizeconfig.h">
      <Filter>configuation</Filter>
    </ClInclude>
    <ClInclude Include="src\configuration\outputconfig.h">
      <Filter>configuation</Filter>
    </ClInclude>
    <ClInclude Include="src\configuration\simconfig.h">
      <Filter>configuation</Filter>
    </ClInclude>
    <ClInclude Include="src\result\result.h">
      <Filter>result</Filter>
    </ClInclude>
    <ClInclude Include="src\geometry\wedge2d.h">
      <Filter>geometry</Filter>
    </ClInclude>
    <ClInclude Include="src\utility\serializable.h">
      <Filter>utility</Filter>
    </ClInclude>
    <ClInclude Include="src\configuration\raytracingconfig.h">
      <Filter>configuation</Filter>
    </ClInclude>
    <ClInclude Include="src\managers\randomanager.h">
      <Filter>managers</Filter>
    </ClInclude>
    <ClInclude Include="src\accel\sdf.h">
      <Filter>accel</Filter>
    </ClInclude>
    <ClInclude Include="src\accel\uniformgrid.h">
      <Filter>accel</Filter>
    </ClInclude>
    <ClInclude Include="src\accel\gridid.h">
      <Filter>accel</Filter>
    </ClInclude>
    <ClInclude Include="src\parallel\threadpool.h">
      <Filter>parallel</Filter>
    </ClInclude>
    <ClInclude Include="src\geometry\object2d\object2d.h">
      <Filter>geometry\object2d</Filter>
    </ClInclude>
    <ClInclude Include="src\geometry\object2d\building2d.h">
      <Filter>geometry\object2d</Filter>
    </ClInclude>
    <ClInclude Include="src\geometry\object2d\vegetation2d.h">
      <Filter>geometry\object2d</Filter>
    </ClInclude>
    <ClInclude Include="src\geometry\object2d\wall2d.h">
      <Filter>geometry\object2d</Filter>
    </ClInclude>
    <ClInclude Include="src\configuration\geometryconfig.h">
      <Filter>configuation</Filter>
    </ClInclude>
    <ClInclude Include="src\math\complex.h">
      <Filter>math</Filter>
    </ClInclude>
    <ClInclude Include="src\result\raytracingresult.h">
      <Filter>result</Filter>
    </ClInclude>
    <ClInclude Include="src\material\materiallibrary.h">
      <Filter>material</Filter>
    </ClInclude>
    <ClInclude Include="src\configuration\library\materiallibraryconfig.h">
      <Filter>configuation\library</Filter>
    </ClInclude>
    <ClInclude Include="src\geometry\terrain\terrain.h">
      <Filter>geometry\terrain</Filter>
    </ClInclude>
    <ClInclude Include="src\geometry\terrain\terrainfacet.h">
      <Filter>geometry\terrain</Filter>
    </ClInclude>
    <ClInclude Include="src\geometry\terrain\terrainprofile.h">
      <Filter>geometry\terrain</Filter>
    </ClInclude>
    <ClInclude Include="src\geometry\terrain\terrainprofilepoint.h">
      <Filter>geometry\terrain</Filter>
    </ClInclude>
    <ClInclude Include="src\geometry\terrain\terrainprofilesegment.h">
      <Filter>geometry\terrain</Filter>
    </ClInclude>
    <ClInclude Include="src\geometry\terrain\terrainridge.h">
      <Filter>geometry\terrain</Filter>
    </ClInclude>
    <ClInclude Include="src\geometry\terrain\terrainsegment.h">
      <Filter>geometry\terrain</Filter>
    </ClInclude>
    <ClInclude Include="src\configuration\terrainconfig.h">
      <Filter>configuation</Filter>
    </ClInclude>
    <ClInclude Include="src\configuration\terrainobjectconfig.h">
      <Filter>configuation</Filter>
    </ClInclude>
    <ClInclude Include="src\geometry\ray3dlite.h">
      <Filter>geometry</Filter>
    </ClInclude>
    <ClInclude Include="src\geometry\bbox3d.h">
      <Filter>geometry</Filter>
    </ClInclude>
    <ClInclude Include="src\configuration\antennaconfig.h">
      <Filter>configuation</Filter>
    </ClInclude>
    <ClInclude Include="src\configuration\library\antennalibraryconfig.h">
      <Filter>configuation\library</Filter>
    </ClInclude>
    <ClInclude Include="src\resources\supports.h">
      <Filter>resources</Filter>
    </ClInclude>
    <ClInclude Include="src\utility\fileoperation.h">
      <Filter>utility</Filter>
    </ClInclude>
    <ClInclude Include="src\configuration\receiver\lineconfig.h">
      <Filter>configuation\receiver</Filter>
    </ClInclude>
    <ClInclude Include="src\configuration\receiver\planeconfig.h">
      <Filter>configuation\receiver</Filter>
    </ClInclude>
    <ClInclude Include="src\configuration\receiver\receiverconfig.h">
      <Filter>configuation\receiver</Filter>
    </ClInclude>
    <ClInclude Include="src\configuration\receiver\receiverunitconfig.h">
      <Filter>configuation\receiver</Filter>
    </ClInclude>
    <ClInclude Include="src\configuration\receiver\scatterconfig.h">
      <Filter>configuation\receiver</Filter>
    </ClInclude>
    <ClInclude Include="src\configuration\receiver\singleconfig.h">
      <Filter>configuation\receiver</Filter>
    </ClInclude>
    <ClInclude Include="src\configuration\receiver\solidconfig.h">
      <Filter>configuation\receiver</Filter>
    </ClInclude>
    <ClInclude Include="src\configuration\transmitter\transmittercollectionconfig.h">
      <Filter>configuation\transmitter</Filter>
    </ClInclude>
    <ClInclude Include="src\configuration\transmitter\transmitterconfig.h">
      <Filter>configuation\transmitter</Filter>
    </ClInclude>
    <ClInclude Include="src\configuration\frequencyconfig.h">
      <Filter>configuation</Filter>
    </ClInclude>
    <ClInclude Include="src\result\pathinfo.h">
      <Filter>result</Filter>
    </ClInclude>
    <ClInclude Include="src\data\tranfunctiondata.h">
      <Filter>data</Filter>
    </ClInclude>
    <ClInclude Include="src\utility\struct.h">
      <Filter>utility</Filter>
    </ClInclude>
    <ClInclude Include="src\system.h" />
    <ClInclude Include="src\algorithm\optimizationtoolkit\ga\ga.h">
      <Filter>algorithm\optimizationtoolkit\ga</Filter>
    </ClInclude>
    <ClInclude Include="src\algorithm\optimizationtoolkit\pso\pso.h">
      <Filter>algorithm\optimizationtoolkit\pso</Filter>
    </ClInclude>
    <ClInclude Include="src\configuration\sensor\sensorcollectionconfig.h">
      <Filter>configuation\sensor</Filter>
    </ClInclude>
    <ClInclude Include="src\configuration\sensor\sensorconfig.h">
      <Filter>configuation\sensor</Filter>
    </ClInclude>
    <ClInclude Include="src\localization\generalsource.h">
      <Filter>localization</Filter>
    </ClInclude>
    <ClInclude Include="src\localization\gspair.h">
      <Filter>localization</Filter>
    </ClInclude>
    <ClInclude Include="src\localization\aoa\aoasolver.h">
      <Filter>localization\aoa</Filter>
    </ClInclude>
    <ClInclude Include="src\localization\lbsresidual.h">
      <Filter>localization</Filter>
    </ClInclude>
    <ClInclude Include="src\result\pathinfocluster.h">
      <Filter>result</Filter>
    </ClInclude>
    <ClInclude Include="src\algorithm\decisiontoolkit\assignalgorithm.h">
      <Filter>algorithm\decisiontoolkit</Filter>
    </ClInclude>
    <ClInclude Include="src\localization\gspaircluster.h">
      <Filter>localization</Filter>
    </ClInclude>
    <ClInclude Include="src\localization\tdoa\tdoasolver.h">
      <Filter>localization\tdoa</Filter>
    </ClInclude>
    <ClInclude Include="src\test\testlbs.h">
      <Filter>test</Filter>
    </ClInclude>
    <ClInclude Include="src\test\rtresultsimilarity.h">
      <Filter>test</Filter>
    </ClInclude>
    <ClInclude Include="src\general\elevationmatrix.h">
      <Filter>general</Filter>
    </ClInclude>
    <ClInclude Include="src\equipment\antenna\antenna.h">
      <Filter>equipment\antenna</Filter>
    </ClInclude>
    <ClInclude Include="src\equipment\antenna\antennalibrary.h">
      <Filter>equipment\antenna</Filter>
    </ClInclude>
    <ClInclude Include="src\equipment\antenna\antennapattern.h">
      <Filter>equipment\antenna</Filter>
    </ClInclude>
    <ClInclude Include="src\equipment\sensor\sensor.h">
      <Filter>equipment\sensor</Filter>
    </ClInclude>
    <ClInclude Include="src\equipment\sensor\sensordata.h">
      <Filter>equipment\sensor</Filter>
    </ClInclude>
    <ClInclude Include="src\equipment\sensor\sensordatacluster.h">
      <Filter>equipment\sensor</Filter>
    </ClInclude>
    <ClInclude Include="src\equipment\sensor\sensordatacollection.h">
      <Filter>equipment\sensor</Filter>
    </ClInclude>
    <ClInclude Include="src\equipment\sensor\sensordatalibrary.h">
      <Filter>equipment\sensor</Filter>
    </ClInclude>
    <ClInclude Include="src\equipment\sensor\sensordataprocessing.h">
      <Filter>equipment\sensor</Filter>
    </ClInclude>
    <ClInclude Include="src\equipment\transceiver\receiver.h">
      <Filter>equipment\transceiver</Filter>
    </ClInclude>
    <ClInclude Include="src\equipment\transceiver\transmitter.h">
      <Filter>equipment\transceiver</Filter>
    </ClInclude>
    <ClInclude Include="src\math\polarization3d.h">
      <Filter>math</Filter>
    </ClInclude>
    <ClInclude Include="src\math\polarization2d.h">
      <Filter>math</Filter>
    </ClInclude>
    <ClInclude Include="src\math\point3d.h">
      <Filter>math</Filter>
    </ClInclude>
    <ClInclude Include="src\math\vector3d.h">
      <Filter>math</Filter>
    </ClInclude>
    <ClInclude Include="src\math\euler.h">
      <Filter>math</Filter>
    </ClInclude>
    <ClInclude Include="src\scene\scene.h">
      <Filter>scene</Filter>
    </ClInclude>
    <ClInclude Include="src\configuration\materialconfig.h">
      <Filter>configuation</Filter>
    </ClInclude>
    <ClInclude Include="src\configuration\localization\weightfactor.h">
      <Filter>configuation\localization</Filter>
    </ClInclude>
    <ClInclude Include="src\localization\lbstreenode.h">
      <Filter>localization</Filter>
    </ClInclude>
    <ClInclude Include="src\radiowave\raypath\raypath.h">
      <Filter>radiowave\raypath</Filter>
    </ClInclude>
    <ClInclude Include="src\radiowave\raypath\raypath3d.h">
      <Filter>radiowave\raypath</Filter>
    </ClInclude>
    <ClInclude Include="src\radiowave\raypath\raytreenode.h">
      <Filter>radiowave\raypath</Filter>
    </ClInclude>
    <ClInclude Include="src\radiowave\raypath\terraindiffractionpath.h">
      <Filter>radiowave\raypath</Filter>
    </ClInclude>
    <ClInclude Include="src\radiowave\raypath\pathnode.h">
      <Filter>radiowave\raypath</Filter>
    </ClInclude>
    <ClInclude Include="src\radiowave\raypath\pathnode3d.h">
      <Filter>radiowave\raypath</Filter>
    </ClInclude>
    <ClInclude Include="src\radiowave\propagation\diffraction.h">
      <Filter>radiowave\propagation</Filter>
    </ClInclude>
    <ClInclude Include="src\radiowave\propagation\reflection.h">
      <Filter>radiowave\propagation</Filter>
    </ClInclude>
    <ClInclude Include="src\radiowave\propagation\scattering.h">
      <Filter>radiowave\propagation</Filter>
    </ClInclude>
    <ClInclude Include="src\radiowave\propagation\transmission.h">
      <Filter>radiowave\propagation</Filter>
    </ClInclude>
    <ClInclude Include="src\efield\caldiffractionfield.h">
      <Filter>efield</Filter>
    </ClInclude>
    <ClInclude Include="src\efield\calreflectionfield.h">
      <Filter>efield</Filter>
    </ClInclude>
    <ClInclude Include="src\efield\calscatteringfield.h">
      <Filter>efield</Filter>
    </ClInclude>
    <ClInclude Include="src\efield\caltransmissionfield.h">
      <Filter>efield</Filter>
    </ClInclude>
    <ClInclude Include="src\efield\calraypathefield.h">
      <Filter>efield</Filter>
    </ClInclude>
    <ClInclude Include="src\efield\calterrainraypathfield.h">
      <Filter>efield</Filter>
    </ClInclude>
    <ClInclude Include="src\efield\calradiationfield.h">
      <Filter>efield</Filter>
    </ClInclude>
    <ClInclude Include="src\efield\calreceivedfield.h">
      <Filter>efield</Filter>
    </ClInclude>
    <ClInclude Include="src\core\raypathrectifier\raypathrectifier.h">
      <Filter>core\raypathrectifier</Filter>
    </ClInclude>
    <ClInclude Include="src\core\render\pathtracing\pathbuilder.h">
      <Filter>core\render\pathtracing</Filter>
    </ClInclude>
    <ClInclude Include="src\core\render\pathtracing\pathtracing.h">
      <Filter>core\render\pathtracing</Filter>
    </ClInclude>
    <ClInclude Include="src\core\render\pathtracing\raylaunch.h">
      <Filter>core\render\pathtracing</Filter>
    </ClInclude>
    <ClInclude Include="src\core\render\pathtracing\raysplitting.h">
      <Filter>core\render\pathtracing</Filter>
    </ClInclude>
    <ClInclude Include="src\core\render\pathtracing\treenodegenerator.h">
      <Filter>core\render\pathtracing</Filter>
    </ClInclude>
    <ClInclude Include="src\localization\aoa\aoa_locator.h">
      <Filter>localization\aoa</Filter>
    </ClInclude>
    <ClInclude Include="src\localization\lbsinfo.h">
      <Filter>localization</Filter>
    </ClInclude>
    <ClInclude Include="src\localization\tdoa\tdoa_locator.h">
      <Filter>localization\tdoa</Filter>
    </ClInclude>
    <ClInclude Include="src\localization\lbsinfocluster.h">
      <Filter>localization</Filter>
    </ClInclude>
    <ClInclude Include="src\localization\raypathsetter.h">
      <Filter>localization</Filter>
    </ClInclude>
    <ClInclude Include="src\localization\aoa_toa\aoa_toa_solver.h">
      <Filter>localization\aoa_toa</Filter>
    </ClInclude>
    <ClInclude Include="src\localization\aoa_toa\aoa_toa_locator.h">
      <Filter>localization\aoa_toa</Filter>
    </ClInclude>
    <ClInclude Include="src\localization\aoa_tdoa\aoa_tdoa_solver.h">
      <Filter>localization\aoa_tdoa</Filter>
    </ClInclude>
    <ClInclude Include="src\localization\aoa_tdoa\aoa_tdoa_locator.h">
      <Filter>localization\aoa_tdoa</Filter>
    </ClInclude>
    <ClInclude Include="src\localization\toa\toa_locator.h">
      <Filter>localization\toa</Filter>
    </ClInclude>
    <ClInclude Include="src\localization\toa\toa_solver.h">
      <Filter>localization\toa</Filter>
    </ClInclude>
  </ItemGroup>
  <ItemGroup>
    <ClCompile Include="src\main.cpp" />
    <ClCompile Include="src\geometry\Intersection2D.cpp">
      <Filter>geometry</Filter>
    </ClCompile>
    <ClCompile Include="src\geometry\primitive2d.cpp">
      <Filter>geometry</Filter>
    </ClCompile>
    <ClCompile Include="src\managers\matmanager.cpp">
      <Filter>managers</Filter>
    </ClCompile>
    <ClCompile Include="src\accel\accelerator.cpp">
      <Filter>accel</Filter>
    </ClCompile>
    <ClCompile Include="src\accel\bvh.cpp">
      <Filter>accel</Filter>
    </ClCompile>
    <ClCompile Include="src\accel\kdtree.cpp">
      <Filter>accel</Filter>
    </ClCompile>
    <ClCompile Include="src\accel\unigrid.cpp">
      <Filter>accel</Filter>
    </ClCompile>
    <ClCompile Include="src\configuration\localizeconfig.cpp">
      <Filter>configuation</Filter>
    </ClCompile>
    <ClCompile Include="src\configuration\outputconfig.cpp">
      <Filter>configuation</Filter>
    </ClCompile>
    <ClCompile Include="src\configuration\simconfig.cpp">
      <Filter>configuation</Filter>
    </ClCompile>
    <ClCompile Include="src\result\result.cpp">
      <Filter>result</Filter>
    </ClCompile>
    <ClCompile Include="src\geometry\wedge2d.cpp">
      <Filter>geometry</Filter>
    </ClCompile>
    <ClCompile Include="src\geometry\segment2d.cpp">
      <Filter>geometry</Filter>
    </ClCompile>
    <ClCompile Include="src\managers\logmanager.cpp">
      <Filter>managers</Filter>
    </ClCompile>
    <ClCompile Include="src\configuration\raytracingconfig.cpp">
      <Filter>configuation</Filter>
    </ClCompile>
    <ClCompile Include="src\managers\randomanager.cpp">
      <Filter>managers</Filter>
    </ClCompile>
    <ClCompile Include="src\accel\sdf.cpp">
      <Filter>accel</Filter>
    </ClCompile>
    <ClCompile Include="src\accel\uniformgrid.cpp">
      <Filter>accel</Filter>
    </ClCompile>
    <ClCompile Include="src\accel\gridid.cpp">
      <Filter>accel</Filter>
    </ClCompile>
    <ClCompile Include="src\parallel\threadpool.cpp">
      <Filter>parallel</Filter>
    </ClCompile>
    <ClCompile Include="src\geometry\object2d\object2d.cpp">
      <Filter>geometry\object2d</Filter>
    </ClCompile>
    <ClCompile Include="src\geometry\object2d\building2d.cpp">
      <Filter>geometry\object2d</Filter>
    </ClCompile>
    <ClCompile Include="src\geometry\object2d\vegetation2d.cpp">
      <Filter>geometry\object2d</Filter>
    </ClCompile>
    <ClCompile Include="src\geometry\object2d\wall2d.cpp">
      <Filter>geometry\object2d</Filter>
    </ClCompile>
    <ClCompile Include="src\configuration\geometryconfig.cpp">
      <Filter>configuation</Filter>
    </ClCompile>
    <ClCompile Include="src\material\material.cpp">
      <Filter>material</Filter>
    </ClCompile>
    <ClCompile Include="src\math\complex.cpp">
      <Filter>math</Filter>
    </ClCompile>
    <ClCompile Include="src\result\raytracingresult.cpp">
      <Filter>result</Filter>
    </ClCompile>
    <ClCompile Include="src\material\materiallibrary.cpp">
      <Filter>material</Filter>
    </ClCompile>
    <ClCompile Include="src\configuration\library\materiallibraryconfig.cpp">
      <Filter>configuation\library</Filter>
    </ClCompile>
    <ClCompile Include="src\geometry\terrain\terrain.cpp">
      <Filter>geometry\terrain</Filter>
    </ClCompile>
    <ClCompile Include="src\geometry\terrain\terrainfacet.cpp">
      <Filter>geometry\terrain</Filter>
    </ClCompile>
    <ClCompile Include="src\geometry\terrain\terrainprofile.cpp">
      <Filter>geometry\terrain</Filter>
    </ClCompile>
    <ClCompile Include="src\geometry\terrain\terrainprofilepoint.cpp">
      <Filter>geometry\terrain</Filter>
    </ClCompile>
    <ClCompile Include="src\geometry\terrain\terrainprofilesegment.cpp">
      <Filter>geometry\terrain</Filter>
    </ClCompile>
    <ClCompile Include="src\geometry\terrain\terrainridge.cpp">
      <Filter>geometry\terrain</Filter>
    </ClCompile>
    <ClCompile Include="src\geometry\terrain\terrainsegment.cpp">
      <Filter>geometry\terrain</Filter>
    </ClCompile>
    <ClCompile Include="src\configuration\terrainconfig.cpp">
      <Filter>configuation</Filter>
    </ClCompile>
    <ClCompile Include="src\configuration\terrainobjectconfig.cpp">
      <Filter>configuation</Filter>
    </ClCompile>
    <ClCompile Include="src\geometry\ray3dlite.cpp">
      <Filter>geometry</Filter>
    </ClCompile>
    <ClCompile Include="src\geometry\bbox3d.cpp">
      <Filter>geometry</Filter>
    </ClCompile>
    <ClCompile Include="src\configuration\antennaconfig.cpp">
      <Filter>configuation</Filter>
    </ClCompile>
    <ClCompile Include="src\configuration\library\antennalibraryconfig.cpp">
      <Filter>configuation\library</Filter>
    </ClCompile>
    <ClCompile Include="src\utility\fileoperation.cpp">
      <Filter>utility</Filter>
    </ClCompile>
    <ClCompile Include="src\configuration\receiver\lineconfig.cpp">
      <Filter>configuation\receiver</Filter>
    </ClCompile>
    <ClCompile Include="src\configuration\receiver\planeconfig.cpp">
      <Filter>configuation\receiver</Filter>
    </ClCompile>
    <ClCompile Include="src\configuration\receiver\receiverconfig.cpp">
      <Filter>configuation\receiver</Filter>
    </ClCompile>
    <ClCompile Include="src\configuration\receiver\receiverunitconfig.cpp">
      <Filter>configuation\receiver</Filter>
    </ClCompile>
    <ClCompile Include="src\configuration\receiver\scatterconfig.cpp">
      <Filter>configuation\receiver</Filter>
    </ClCompile>
    <ClCompile Include="src\configuration\receiver\singleconfig.cpp">
      <Filter>configuation\receiver</Filter>
    </ClCompile>
    <ClCompile Include="src\configuration\receiver\solidconfig.cpp">
      <Filter>configuation\receiver</Filter>
    </ClCompile>
    <ClCompile Include="src\configuration\transmitter\transmittercollectionconfig.cpp">
      <Filter>configuation\transmitter</Filter>
    </ClCompile>
    <ClCompile Include="src\configuration\transmitter\transmitterconfig.cpp">
      <Filter>configuation\transmitter</Filter>
    </ClCompile>
    <ClCompile Include="src\configuration\frequencyconfig.cpp">
      <Filter>configuation</Filter>
    </ClCompile>
    <ClCompile Include="src\result\pathinfo.cpp">
      <Filter>result</Filter>
    </ClCompile>
    <ClCompile Include="src\system.cpp" />
    <ClCompile Include="src\configuration\sensor\sensorcollectionconfig.cpp">
      <Filter>configuation\sensor</Filter>
    </ClCompile>
    <ClCompile Include="src\configuration\sensor\sensorconfig.cpp">
      <Filter>configuation\sensor</Filter>
    </ClCompile>
    <ClCompile Include="src\localization\generalsource.cpp">
      <Filter>localization</Filter>
    </ClCompile>
    <ClCompile Include="src\localization\gspair.cpp">
      <Filter>localization</Filter>
    </ClCompile>
    <ClCompile Include="src\localization\aoa\aoasolver.cpp">
      <Filter>localization\aoa</Filter>
    </ClCompile>
    <ClCompile Include="src\localization\lbsresidual.cpp">
      <Filter>localization</Filter>
    </ClCompile>
    <ClCompile Include="src\result\pathinfocluster.cpp">
      <Filter>result</Filter>
    </ClCompile>
    <ClCompile Include="src\algorithm\decisiontoolkit\assignalgorithm.cpp">
      <Filter>algorithm\decisiontoolkit</Filter>
    </ClCompile>
    <ClCompile Include="src\localization\gspaircluster.cpp">
      <Filter>localization</Filter>
    </ClCompile>
    <ClCompile Include="src\localization\tdoa\tdoasolver.cpp">
      <Filter>localization\tdoa</Filter>
    </ClCompile>
    <ClCompile Include="src\test\testlbs.cpp">
      <Filter>test</Filter>
    </ClCompile>
    <ClCompile Include="src\test\rtresultsimilarity.cpp">
      <Filter>test</Filter>
    </ClCompile>
    <ClCompile Include="src\general\elevationmatrix.cpp">
      <Filter>general</Filter>
    </ClCompile>
    <ClCompile Include="src\equipment\antenna\antenna.cpp">
      <Filter>equipment\antenna</Filter>
    </ClCompile>
    <ClCompile Include="src\equipment\antenna\antennalibrary.cpp">
      <Filter>equipment\antenna</Filter>
    </ClCompile>
    <ClCompile Include="src\equipment\antenna\antennapattern.cpp">
      <Filter>equipment\antenna</Filter>
    </ClCompile>
    <ClCompile Include="src\equipment\sensor\sensor.cpp">
      <Filter>equipment\sensor</Filter>
    </ClCompile>
    <ClCompile Include="src\equipment\sensor\sensordata.cpp">
      <Filter>equipment\sensor</Filter>
    </ClCompile>
    <ClCompile Include="src\equipment\sensor\sensordatacluster.cpp">
      <Filter>equipment\sensor</Filter>
    </ClCompile>
    <ClCompile Include="src\equipment\sensor\sensordatacollection.cpp">
      <Filter>equipment\sensor</Filter>
    </ClCompile>
    <ClCompile Include="src\equipment\sensor\sensordatalibrary.cpp">
      <Filter>equipment\sensor</Filter>
    </ClCompile>
    <ClCompile Include="src\equipment\sensor\sensordataprocessing.cpp">
      <Filter>equipment\sensor</Filter>
    </ClCompile>
    <ClCompile Include="src\equipment\transceiver\receiver.cpp">
      <Filter>equipment\transceiver</Filter>
    </ClCompile>
    <ClCompile Include="src\equipment\transceiver\transmitter.cpp">
      <Filter>equipment\transceiver</Filter>
    </ClCompile>
    <ClCompile Include="src\math\polarization2d.cpp">
      <Filter>math</Filter>
    </ClCompile>
    <ClCompile Include="src\math\polarization3d.cpp">
      <Filter>math</Filter>
    </ClCompile>
    <ClCompile Include="src\math\point3d.cpp">
      <Filter>math</Filter>
    </ClCompile>
    <ClCompile Include="src\math\vector3d.cpp">
      <Filter>math</Filter>
    </ClCompile>
    <ClCompile Include="src\math\euler.cpp">
      <Filter>math</Filter>
    </ClCompile>
    <ClCompile Include="src\scene\scene.cpp">
      <Filter>scene</Filter>
    </ClCompile>
    <ClCompile Include="src\configuration\materialconfig.cpp">
      <Filter>configuation</Filter>
    </ClCompile>
    <ClCompile Include="src\configuration\localization\weightfactor.cpp">
      <Filter>configuation\localization</Filter>
    </ClCompile>
    <ClCompile Include="src\localization\lbstreenode.cpp">
      <Filter>localization</Filter>
    </ClCompile>
    <ClCompile Include="src\radiowave\raypath\raypath.cpp">
      <Filter>radiowave\raypath</Filter>
    </ClCompile>
    <ClCompile Include="src\radiowave\raypath\raypath3d.cpp">
      <Filter>radiowave\raypath</Filter>
    </ClCompile>
    <ClCompile Include="src\radiowave\raypath\raytreenode.cpp">
      <Filter>radiowave\raypath</Filter>
    </ClCompile>
    <ClCompile Include="src\radiowave\raypath\terraindiffractionpath.cpp">
      <Filter>radiowave\raypath</Filter>
    </ClCompile>
    <ClCompile Include="src\radiowave\raypath\pathnode.cpp">
      <Filter>radiowave\raypath</Filter>
    </ClCompile>
    <ClCompile Include="src\radiowave\raypath\pathnode3d.cpp">
      <Filter>radiowave\raypath</Filter>
    </ClCompile>
    <ClCompile Include="src\radiowave\propagation\diffraction.cpp">
      <Filter>radiowave\propagation</Filter>
    </ClCompile>
    <ClCompile Include="src\radiowave\propagation\reflection.cpp">
      <Filter>radiowave\propagation</Filter>
    </ClCompile>
    <ClCompile Include="src\radiowave\propagation\scattering.cpp">
      <Filter>radiowave\propagation</Filter>
    </ClCompile>
    <ClCompile Include="src\radiowave\propagation\transmission.cpp">
      <Filter>radiowave\propagation</Filter>
    </ClCompile>
    <ClCompile Include="src\efield\caldiffractionfield.cpp">
      <Filter>efield</Filter>
    </ClCompile>
    <ClCompile Include="src\efield\calreflectionfield.cpp">
      <Filter>efield</Filter>
    </ClCompile>
    <ClCompile Include="src\efield\calscatteringfield.cpp">
      <Filter>efield</Filter>
    </ClCompile>
    <ClCompile Include="src\efield\caltransmissionfield.cpp">
      <Filter>efield</Filter>
    </ClCompile>
    <ClCompile Include="src\efield\calraypathefield.cpp">
      <Filter>efield</Filter>
    </ClCompile>
    <ClCompile Include="src\efield\calterrainraypathfield.cpp">
      <Filter>efield</Filter>
    </ClCompile>
    <ClCompile Include="src\efield\calradiationfield.cpp">
      <Filter>efield</Filter>
    </ClCompile>
    <ClCompile Include="src\efield\calreceivedfield.cpp">
      <Filter>efield</Filter>
    </ClCompile>
    <ClCompile Include="src\core\raypathrectifier\raypathrectifier.cpp">
      <Filter>core\raypathrectifier</Filter>
    </ClCompile>
    <ClCompile Include="src\core\render\pathtracing\pathbuilder.cpp">
      <Filter>core\render\pathtracing</Filter>
    </ClCompile>
    <ClCompile Include="src\core\render\pathtracing\pathtracing.cpp">
      <Filter>core\render\pathtracing</Filter>
    </ClCompile>
    <ClCompile Include="src\core\render\pathtracing\raylaunch.cpp">
      <Filter>core\render\pathtracing</Filter>
    </ClCompile>
    <ClCompile Include="src\core\render\pathtracing\raysplitting.cpp">
      <Filter>core\render\pathtracing</Filter>
    </ClCompile>
    <ClCompile Include="src\core\render\pathtracing\treenodegenerator.cpp">
      <Filter>core\render\pathtracing</Filter>
    </ClCompile>
    <ClCompile Include="src\localization\aoa\aoa_locator.cpp">
      <Filter>localization\aoa</Filter>
    </ClCompile>
    <ClCompile Include="src\localization\lbsinfo.cpp">
      <Filter>localization</Filter>
    </ClCompile>
    <ClCompile Include="src\localization\tdoa\tdoa_locator.cpp">
      <Filter>localization\tdoa</Filter>
    </ClCompile>
    <ClCompile Include="src\localization\lbsinfocluster.cpp">
      <Filter>localization</Filter>
    </ClCompile>
    <ClCompile Include="src\localization\raypathsetter.cpp">
      <Filter>localization</Filter>
    </ClCompile>
    <ClCompile Include="src\localization\aoa_toa\aoa_toa_locator.cpp">
      <Filter>localization\aoa_toa</Filter>
    </ClCompile>
    <ClCompile Include="src\localization\aoa_toa\aoa_toa_solver.cpp">
      <Filter>localization\aoa_toa</Filter>
    </ClCompile>
    <ClCompile Include="src\localization\aoa_tdoa\aoa_tdoa_solver.cpp">
      <Filter>localization\aoa_tdoa</Filter>
    </ClCompile>
    <ClCompile Include="src\localization\aoa_tdoa\aoa_tdoa_locator.cpp">
      <Filter>localization\aoa_tdoa</Filter>
    </ClCompile>
    <ClCompile Include="src\localization\toa\toa_locator.cpp">
      <Filter>localization\toa</Filter>
    </ClCompile>
    <ClCompile Include="src\localization\toa\toa_solver.cpp">
      <Filter>localization\toa</Filter>
    </ClCompile>
  </ItemGroup>
  <ItemGroup>
    <CudaCompile Include="src\geometry\ray2d.h">
      <Filter>geometry</Filter>
    </CudaCompile>
    <CudaCompile Include="src\geometry\ray2d.cpp">
      <Filter>geometry</Filter>
    </CudaCompile>
    <CudaCompile Include="src\geometry\bbox2d.h">
      <Filter>geometry</Filter>
    </CudaCompile>
    <CudaCompile Include="src\geometry\bbox2d.cpp">
      <Filter>geometry</Filter>
    </CudaCompile>
    <CudaCompile Include="src\geometry\gpu\bbox2dgpu.cpp">
      <Filter>geometry\gpu</Filter>
    </CudaCompile>
    <CudaCompile Include="src\utility\define.h">
      <Filter>utility</Filter>
    </CudaCompile>
    <CudaCompile Include="src\geometry\gpu\ray2dgpu.h">
      <Filter>geometry\gpu</Filter>
    </CudaCompile>
    <CudaCompile Include="src\geometry\gpu\ray2dgpu.cpp">
      <Filter>geometry\gpu</Filter>
    </CudaCompile>
    <CudaCompile Include="src\geometry\gpu\Intersection2Dgpu.cpp">
      <Filter>geometry\gpu</Filter>
    </CudaCompile>
    <CudaCompile Include="src\geometry\gpu\Intersection2Dgpu.h">
      <Filter>geometry\gpu</Filter>
    </CudaCompile>
    <CudaCompile Include="src\geometry\gpu\segment2dgpu.cpp">
      <Filter>geometry\gpu</Filter>
    </CudaCompile>
    <CudaCompile Include="src\geometry\gpu\segment2dgpu.h">
      <Filter>geometry\gpu</Filter>
    </CudaCompile>
    <CudaCompile Include="src\geometry\gpu\bbox2dgpu.h">
      <Filter>geometry\gpu</Filter>
    </CudaCompile>
    <CudaCompile Include="src\accel\gpu\sdfgpu.h">
      <Filter>accel\gpu</Filter>
    </CudaCompile>
    <CudaCompile Include="src\accel\gpu\sdfgpu.cpp">
      <Filter>accel\gpu</Filter>
    </CudaCompile>
    <CudaCompile Include="src\geometry\gpu\wedge2dgpu.h">
      <Filter>geometry\gpu</Filter>
    </CudaCompile>
    <CudaCompile Include="src\geometry\gpu\wedge2dgpu.cpp">
      <Filter>geometry\gpu</Filter>
    </CudaCompile>
    <CudaCompile Include="src\math\point2d.h">
      <Filter>math</Filter>
    </CudaCompile>
    <CudaCompile Include="src\math\point2d.cpp">
      <Filter>math</Filter>
    </CudaCompile>
    <CudaCompile Include="src\math\vector2d.h">
      <Filter>math</Filter>
    </CudaCompile>
    <CudaCompile Include="src\math\vector2d.cpp">
      <Filter>math</Filter>
    </CudaCompile>
    <CudaCompile Include="src\radiowave\raypath\gpu\cpuconverterpathnode.h">
      <Filter>radiowave\propagation\gpu\gpu</Filter>
    </CudaCompile>
    <CudaCompile Include="src\radiowave\raypath\gpu\treenodegpu.h">
      <Filter>radiowave\propagation\gpu\gpu</Filter>
    </CudaCompile>
    <CudaCompile Include="src\radiowave\propagation\gpu\diffractiongpu.cpp">
      <Filter>radiowave\propagation\gpu</Filter>
    </CudaCompile>
    <CudaCompile Include="src\configuration\radiowave\propagation\limitinfo.cpp">
      <Filter>configuation\radiowave\propagation</Filter>
    </CudaCompile>
    <CudaCompile Include="src\core\render\pathtracing\gpu\pathbuildergpu.cpp">
      <Filter>core\render\pathtracing\gpu</Filter>
    </CudaCompile>
    <CudaCompile Include="src\core\render\pathtracing\raytracing.h">
      <Filter>core\render\pathtracing</Filter>
    </CudaCompile>
    <CudaCompile Include="src\radiowave\propagation\gpu\scattergpu.h">
      <Filter>radiowave\propagation\gpu</Filter>
    </CudaCompile>
    <CudaCompile Include="src\radiowave\propagation\gpu\scattergpu.cpp">
      <Filter>radiowave\propagation\gpu</Filter>
    </CudaCompile>
    <CudaCompile Include="src\radiowave\propagation\gpu\transmissiongpu.h">
      <Filter>radiowave\propagation\gpu</Filter>
    </CudaCompile>
    <CudaCompile Include="src\radiowave\propagation\gpu\transmissiongpu.cpp">
      <Filter>radiowave\propagation\gpu</Filter>
    </CudaCompile>
    <CudaCompile Include="src\radiowave\propagation\gpu\diffractiongpu.h">
      <Filter>radiowave\propagation\gpu</Filter>
    </CudaCompile>
    <CudaCompile Include="src\radiowave\raypath\gpu\pathnodegpu.cpp">
      <Filter>radiowave\propagation\gpu\gpu</Filter>
    </CudaCompile>
    <CudaCompile Include="src\radiowave\raypath\gpu\pathnodegpu.h">
      <Filter>radiowave\propagation\gpu\gpu</Filter>
    </CudaCompile>
    <CudaCompile Include="src\radiowave\raypath\gpu\cpuconverterpathnode.cpp">
      <Filter>radiowave\propagation\gpu\gpu</Filter>
    </CudaCompile>
    <CudaCompile Include="src\radiowave\raypath\gpu\treenodegpu.cpp">
      <Filter>radiowave\propagation\gpu\gpu</Filter>
    </CudaCompile>
    <CudaCompile Include="src\radiowave\raypath\gpu\raypathgpu.h">
      <Filter>radiowave\propagation\gpu\gpu</Filter>
    </CudaCompile>
    <CudaCompile Include="src\radiowave\raypath\gpu\raypathgpu.cpp">
      <Filter>radiowave\propagation\gpu\gpu</Filter>
    </CudaCompile>
    <CudaCompile Include="src\radiowave\propagation\gpu\reflectiongpu.h">
      <Filter>radiowave\propagation\gpu</Filter>
    </CudaCompile>
    <CudaCompile Include="src\radiowave\propagation\gpu\reflectiongpu.cpp">
      <Filter>radiowave\propagation\gpu</Filter>
    </CudaCompile>
    <CudaCompile Include="src\configuration\radiowave\propagation\limitinfo.h">
      <Filter>configuation\radiowave\propagation</Filter>
    </CudaCompile>
    <CudaCompile Include="src\configuration\radiowave\propagation\propagationproperty.cpp">
      <Filter>configuation\radiowave\propagation</Filter>
    </CudaCompile>
    <CudaCompile Include="src\configuration\radiowave\propagation\propagationproperty.h">
      <Filter>configuation\radiowave\propagation</Filter>
    </CudaCompile>
    <CudaCompile Include="src\core\render\pathtracing\gpu\pathbuildergpu.h">
      <Filter>core\render\pathtracing\gpu</Filter>
    </CudaCompile>
    <CudaCompile Include="src\core\render\pathtracing\gpu\pathtracinggpu.cpp">
      <Filter>core\render\pathtracing\gpu</Filter>
    </CudaCompile>
    <CudaCompile Include="src\core\render\pathtracing\gpu\pathtracinggpu.h">
      <Filter>core\render\pathtracing\gpu</Filter>
    </CudaCompile>
    <CudaCompile Include="src\core\render\pathtracing\gpu\raysplittinggpu.cpp">
      <Filter>core\render\pathtracing\gpu</Filter>
    </CudaCompile>
    <CudaCompile Include="src\core\render\pathtracing\gpu\raysplittinggpu.h">
      <Filter>core\render\pathtracing\gpu</Filter>
    </CudaCompile>
    <CudaCompile Include="src\core\render\pathtracing\raytracing.cpp">
      <Filter>core\render\pathtracing</Filter>
    </CudaCompile>
    <CudaCompile Include="src\localization\gpu\raypathsettergpu.cpp">
      <Filter>localization\gpu</Filter>
    </CudaCompile>
    <CudaCompile Include="src\localization\gpu\raypathsettergpu.h">
      <Filter>localization\gpu</Filter>
    </CudaCompile>
  </ItemGroup>
</Project>